
Microsoft Visual Studio Solution File, Format Version 12.00
# Visual Studio Version 17
VisualStudioVersion = 17.11.35312.102
MinimumVisualStudioVersion = 10.0.40219.1
Project("{FAE04EC0-301F-11D3-BF4B-00C04F79EFBC}") = "Bookstore.Server", "Bookstore.Server\Bookstore.Server.csproj", "{1BB6ACF6-B322-4A81-83FE-7228C92B0CFC}"
EndProject
Project("{54A90642-561A-4BB1-A94E-469ADEE60C69}") = "bookstore.client", "bookstore.client\bookstore.client.esproj", "{8992408F-29B7-498F-9AE7-641FFC3C0663}"
EndProject
Global
	GlobalSection(SolutionConfigurationPlatforms) = preSolution
		Debug|Any CPU = Debug|Any CPU
		Release|Any CPU = Release|Any CPU
	EndGlobalSection
	GlobalSection(ProjectConfigurationPlatforms) = postSolution
		{1BB6ACF6-B322-4A81-83FE-7228C92B0CFC}.Debug|Any CPU.ActiveCfg = Debug|Any CPU
		{1BB6ACF6-B322-4A81-83FE-7228C92B0CFC}.Debug|Any CPU.Build.0 = Debug|Any CPU
		{1BB6ACF6-B322-4A81-83FE-7228C92B0CFC}.Release|Any CPU.ActiveCfg = Release|Any CPU
		{1BB6ACF6-B322-4A81-83FE-7228C92B0CFC}.Release|Any CPU.Build.0 = Release|Any CPU
		{8992408F-29B7-498F-9AE7-641FFC3C0663}.Debug|Any CPU.ActiveCfg = Debug|Any CPU
		{8992408F-29B7-498F-9AE7-641FFC3C0663}.Debug|Any CPU.Build.0 = Debug|Any CPU
		{8992408F-29B7-498F-9AE7-641FFC3C0663}.Debug|Any CPU.Deploy.0 = Debug|Any CPU
		{8992408F-29B7-498F-9AE7-641FFC3C0663}.Release|Any CPU.ActiveCfg = Release|Any CPU
		{8992408F-29B7-498F-9AE7-641FFC3C0663}.Release|Any CPU.Build.0 = Release|Any CPU
		{8992408F-29B7-498F-9AE7-641FFC3C0663}.Release|Any CPU.Deploy.0 = Release|Any CPU
	EndGlobalSection
	GlobalSection(SolutionProperties) = preSolution
		HideSolutionNode = FALSE
	EndGlobalSection
	GlobalSection(ExtensibilityGlobals) = postSolution
		SolutionGuid = {DC123016-A0FB-4E2B-8393-2A50C5BFD620}
	EndGlobalSection
EndGlobal
